{
  "requires": true,
  "lockfileVersion": 1,
  "dependencies": {
    "@fortawesome/fontawesome-common-types": {
      "version": "0.2.22",
      "resolved": "https://registry.npmjs.org/@fortawesome/fontawesome-common-types/-/fontawesome-common-types-0.2.22.tgz",
      "integrity": "sha512-QmEuZsipX5/cR9JOg0fsTN4Yr/9lieYWM8AQpmRa0eIfeOcl/HLYoEa366BCGRSrgNJEexuvOgbq9jnJ22IY5g=="
    },
    "@fortawesome/fontawesome-svg-core": {
      "version": "1.2.22",
      "resolved": "https://registry.npmjs.org/@fortawesome/fontawesome-svg-core/-/fontawesome-svg-core-1.2.22.tgz",
      "integrity": "sha512-Q941E4x8UfnMH3308n0qrgoja+GoqyiV846JTLoCcCWAKokLKrixCkq6RDBs8r+TtAWaLUrBpI+JFxQNX/WNPQ==",
      "requires": {
        "@fortawesome/fontawesome-common-types": "^0.2.22"
      }
    },
    "@fortawesome/free-solid-svg-icons": {
      "version": "5.10.2",
      "resolved": "https://registry.npmjs.org/@fortawesome/free-solid-svg-icons/-/free-solid-svg-icons-5.10.2.tgz",
      "integrity": "sha512-9Os/GRUcy+iVaznlg8GKcPSQFpIQpAg14jF0DWsMdnpJfIftlvfaQCWniR/ex9FoOpSEOrlXqmUCFL+JGeciuA==",
      "requires": {
        "@fortawesome/fontawesome-common-types": "^0.2.22"
      }
    },
    "@fortawesome/vue-fontawesome": {
      "version": "0.1.6",
      "resolved": "https://registry.npmjs.org/@fortawesome/vue-fontawesome/-/vue-fontawesome-0.1.6.tgz",
      "integrity": "sha512-HAGRbrOuGDwwUmCYdpzR0hhNQ3EE30dOS4JiJKcoZ+S4M210CxyU0OXCgzIg3HzK/23rlpHbV8zi9PDDZDnuIw=="
    },
    "moment": {
      "version": "2.24.0",
      "resolved": "https://registry.npmjs.org/moment/-/moment-2.24.0.tgz",
      "integrity": "sha512-bV7f+6l2QigeBBZSM/6yTNq4P2fNpSWj/0e7jQcy87A8e7o2nAfP/34/2ky5Vw4B9S446EtIhodAzkFCcR4dQg=="
    },
    "sortablejs": {
      "version": "1.9.0",
      "resolved": "https://registry.npmjs.org/sortablejs/-/sortablejs-1.9.0.tgz",
      "integrity": "sha512-Ot6bYJ6PoqPmpsqQYXjn1+RKrY2NWQvQt/o4jfd/UYwVWndyO5EPO8YHbnm5HIykf8ENsm4JUrdAvolPT86yYA=="
    },
    "vue-numeric-input": {
      "version": "1.0.5",
      "resolved": "https://registry.npmjs.org/vue-numeric-input/-/vue-numeric-input-1.0.5.tgz",
      "integrity": "sha512-NY8nGmgFKAvvyNtb9EphPzmkSF0YKNBfl/EHL51zOJJLYqMgP9ZmMIt3taOyF/g/OR70AVwF0LPXSigCcOlR9Q=="
    },
    "vuedraggable": {
      "version": "2.23.0",
      "resolved": "https://registry.npmjs.org/vuedraggable/-/vuedraggable-2.23.0.tgz",
      "integrity": "sha512-RgdH16k43WNoxyRcv/OarB/DZh9SY5TYthk9TS4YiHXpelD1DytEG0phLAXiXx5EhsmdH8ltSWxklGa4g1WTCw==",
      "requires": {
        "sortablejs": "^1.9.0"
      }
    }
  }
}
